
Microsoft Visual Studio Solution File, Format Version 12.00
# Visual Studio Version 16
VisualStudioVersion = 16.0.30717.126
MinimumVisualStudioVersion = 10.0.40219.1
Project("{FAE04EC0-301F-11D3-BF4B-00C04F79EFBC}") = "RS_IdentityServer", "RS_IdentityServer\RS_IdentityServer.csproj", "{CBCF102B-1D3B-4360-8E8E-59C766E6453A}"
EndProject
Global
	GlobalSection(SolutionConfigurationPlatforms) = preSolution
		Debug|Any CPU = Debug|Any CPU
		Release|Any CPU = Release|Any CPU
	EndGlobalSection
	GlobalSection(ProjectConfigurationPlatforms) = postSolution
		{CBCF102B-1D3B-4360-8E8E-59C766E6453A}.Debug|Any CPU.ActiveCfg = Debug|Any CPU
		{CBCF102B-1D3B-4360-8E8E-59C766E6453A}.Debug|Any CPU.Build.0 = Debug|Any CPU
		{CBCF102B-1D3B-4360-8E8E-59C766E6453A}.Release|Any CPU.ActiveCfg = Release|Any CPU
		{CBCF102B-1D3B-4360-8E8E-59C766E6453A}.Release|Any CPU.Build.0 = Release|Any CPU
	EndGlobalSection
	GlobalSection(SolutionProperties) = preSolution
		HideSolutionNode = FALSE
	EndGlobalSection
	GlobalSection(ExtensibilityGlobals) = postSolution
		SolutionGuid = {F482987D-43A6-438C-A760-5451052F5B74}
	EndGlobalSection
EndGlobal
